
Microsoft Visual Studio Solution File, Format Version 12.00
# Visual Studio Version 16
VisualStudioVersion = 16.0.30611.23
MinimumVisualStudioVersion = 10.0.40219.1
Project("{FAE04EC0-301F-11D3-BF4B-00C04F79EFBC}") = "RedisConnectionTest", "RedisConnectionTest.csproj", "{8C27302F-0DC8-4F7A-B4BC-32C61C2935BC}"
EndProject
Global
	GlobalSection(SolutionConfigurationPlatforms) = preSolution
		Debug|Any CPU = Debug|Any CPU
		Release|Any CPU = Release|Any CPU
	EndGlobalSection
	GlobalSection(ProjectConfigurationPlatforms) = postSolution
		{8C27302F-0DC8-4F7A-B4BC-32C61C2935BC}.Debug|Any CPU.ActiveCfg = Debug|Any CPU
		{8C27302F-0DC8-4F7A-B4BC-32C61C2935BC}.Debug|Any CPU.Build.0 = Debug|Any CPU
		{8C27302F-0DC8-4F7A-B4BC-32C61C2935BC}.Release|Any CPU.ActiveCfg = Release|Any CPU
		{8C27302F-0DC8-4F7A-B4BC-32C61C2935BC}.Release|Any CPU.Build.0 = Release|Any CPU
	EndGlobalSection
	GlobalSection(SolutionProperties) = preSolution
		HideSolutionNode = FALSE
	EndGlobalSection
	GlobalSection(ExtensibilityGlobals) = postSolution
		SolutionGuid = {CDA16880-31E1-4222-8463-DFE18627A030}
	EndGlobalSection
EndGlobal
